
Microsoft Visual Studio Solution File, Format Version 12.00
# Visual Studio Version 16
VisualStudioVersion = 16.0.30225.117
MinimumVisualStudioVersion = 10.0.40219.1
Project("{9A19103F-16F7-4668-BE54-9A1E7A4F7556}") = "ConexaLabs.DesafioBackend.API", "ConexaLabs.DesafioBackend.API\ConexaLabs.DesafioBackend.API.csproj", "{B2024480-E9F5-4A30-BD73-AB18EEF262D6}"
EndProject
Project("{FAE04EC0-301F-11D3-BF4B-00C04F79EFBC}") = "ConexaLabs.DesafioBackend.Application", "ConexaLabs.DesafioBackend.Application\ConexaLabs.DesafioBackend.Application.csproj", "{D97562D9-B36B-43D4-AE2B-9648961604A7}"
EndProject
Project("{FAE04EC0-301F-11D3-BF4B-00C04F79EFBC}") = "ConexaLabs.DesafioBackend.Core", "ConexaLabs.DesafioBackend.Core\ConexaLabs.DesafioBackend.Core.csproj", "{5E24E81E-8B14-41D5-BBAB-B64D2694814C}"
EndProject
Project("{FAE04EC0-301F-11D3-BF4B-00C04F79EFBC}") = "ConexaLabs.DesafioBackend.Infrastructure", "ConexaLabs.DesafioBackend.Infrastructure\ConexaLabs.DesafioBackend.Infrastructure.csproj", "{F3EC2468-3F48-4C89-A9C1-DE5E2E8374E4}"
EndProject
Global
	GlobalSection(SolutionConfigurationPlatforms) = preSolution
		Debug|Any CPU = Debug|Any CPU
		Release|Any CPU = Release|Any CPU
	EndGlobalSection
	GlobalSection(ProjectConfigurationPlatforms) = postSolution
		{B2024480-E9F5-4A30-BD73-AB18EEF262D6}.Debug|Any CPU.ActiveCfg = Debug|Any CPU
		{B2024480-E9F5-4A30-BD73-AB18EEF262D6}.Debug|Any CPU.Build.0 = Debug|Any CPU
		{B2024480-E9F5-4A30-BD73-AB18EEF262D6}.Release|Any CPU.ActiveCfg = Release|Any CPU
		{B2024480-E9F5-4A30-BD73-AB18EEF262D6}.Release|Any CPU.Build.0 = Release|Any CPU
		{D97562D9-B36B-43D4-AE2B-9648961604A7}.Debug|Any CPU.ActiveCfg = Debug|Any CPU
		{D97562D9-B36B-43D4-AE2B-9648961604A7}.Debug|Any CPU.Build.0 = Debug|Any CPU
		{D97562D9-B36B-43D4-AE2B-9648961604A7}.Release|Any CPU.ActiveCfg = Release|Any CPU
		{D97562D9-B36B-43D4-AE2B-9648961604A7}.Release|Any CPU.Build.0 = Release|Any CPU
		{5E24E81E-8B14-41D5-BBAB-B64D2694814C}.Debug|Any CPU.ActiveCfg = Debug|Any CPU
		{5E24E81E-8B14-41D5-BBAB-B64D2694814C}.Debug|Any CPU.Build.0 = Debug|Any CPU
		{5E24E81E-8B14-41D5-BBAB-B64D2694814C}.Release|Any CPU.ActiveCfg = Release|Any CPU
		{5E24E81E-8B14-41D5-BBAB-B64D2694814C}.Release|Any CPU.Build.0 = Release|Any CPU
		{F3EC2468-3F48-4C89-A9C1-DE5E2E8374E4}.Debug|Any CPU.ActiveCfg = Debug|Any CPU
		{F3EC2468-3F48-4C89-A9C1-DE5E2E8374E4}.Debug|Any CPU.Build.0 = Debug|Any CPU
		{F3EC2468-3F48-4C89-A9C1-DE5E2E8374E4}.Release|Any CPU.ActiveCfg = Release|Any CPU
		{F3EC2468-3F48-4C89-A9C1-DE5E2E8374E4}.Release|Any CPU.Build.0 = Release|Any CPU
	EndGlobalSection
	GlobalSection(SolutionProperties) = preSolution
		HideSolutionNode = FALSE
	EndGlobalSection
	GlobalSection(ExtensibilityGlobals) = postSolution
		SolutionGuid = {D70F516E-F70F-4FB8-8BB9-DDD82C518069}
	EndGlobalSection
EndGlobal
